// !$*UTF8*$!
{
	archiveVersion = 1;
	classes = {
	};
	objectVersion = 52;
	objects = {

/* Begin PBXBuildFile section */
		A03223B3258E6C5000B4F862 /* ApolloCore in Frameworks */ = {isa = PBXBuildFile; productRef = A03223B2258E6C5000B4F862 /* ApolloCore */; };
		A03223B5258E6C5000B4F862 /* ApolloWebSocket in Frameworks */ = {isa = PBXBuildFile; productRef = A03223B4258E6C5000B4F862 /* ApolloWebSocket */; };
		A03223B7258E6C5000B4F862 /* Apollo in Frameworks */ = {isa = PBXBuildFile; productRef = A03223B6258E6C5000B4F862 /* Apollo */; };
		A03223B9258E6C5000B4F862 /* ApolloCodegenLib in Frameworks */ = {isa = PBXBuildFile; productRef = A03223B8258E6C5000B4F862 /* ApolloCodegenLib */; };
		A03223BC258E806100B4F862 /* getteams.graphql in Resources */ = {isa = PBXBuildFile; fileRef = A03223BB258E806100B4F862 /* getteams.graphql */; };
		A03223BF258E861500B4F862 /* API.swift in Sources */ = {isa = PBXBuildFile; fileRef = A03223BE258E861500B4F862 /* API.swift */; };
		A03223C1258E862600B4F862 /* schema.json in Resources */ = {isa = PBXBuildFile; fileRef = A03223C0258E862600B4F862 /* schema.json */; };
		A03223C3258E8FFA00B4F862 /* GetTeamIssues.graphql in Resources */ = {isa = PBXBuildFile; fileRef = A03223C2258E8FFA00B4F862 /* GetTeamIssues.graphql */; };
		A0C2787C258BDA450040C434 /* CsvUtility.swift in Sources */ = {isa = PBXBuildFile; fileRef = A0C2787B258BDA450040C434 /* CsvUtility.swift */; };
		A0CAD2E225928B71006AE000 /* SignInViewModel.swift in Sources */ = {isa = PBXBuildFile; fileRef = A0CAD2E125928B71006AE000 /* SignInViewModel.swift */; };
		A0CAD2E62592C0A0006AE000 /* TeamsView.swift in Sources */ = {isa = PBXBuildFile; fileRef = A0CAD2E52592C0A0006AE000 /* TeamsView.swift */; };
		A0CAD2E82592C0A9006AE000 /* Team.swift in Sources */ = {isa = PBXBuildFile; fileRef = A0CAD2E72592C0A9006AE000 /* Team.swift */; };
		A0D60163258AB78800740487 /* Import_to_LinearApp.swift in Sources */ = {isa = PBXBuildFile; fileRef = A0D60162258AB78800740487 /* Import_to_LinearApp.swift */; };
		A0D60165258AB78800740487 /* ContentView.swift in Sources */ = {isa = PBXBuildFile; fileRef = A0D60164258AB78800740487 /* ContentView.swift */; };
		A0D60167258AB78A00740487 /* Assets.xcassets in Resources */ = {isa = PBXBuildFile; fileRef = A0D60166258AB78A00740487 /* Assets.xcassets */; };
		A0D6016A258AB78A00740487 /* Preview Assets.xcassets in Resources */ = {isa = PBXBuildFile; fileRef = A0D60169258AB78A00740487 /* Preview Assets.xcassets */; };
		A0D60175258AC87800740487 /* CSV in Frameworks */ = {isa = PBXBuildFile; productRef = A0D60174258AC87800740487 /* CSV */; };
		A0D60188258AD19000740487 /* Alamofire in Frameworks */ = {isa = PBXBuildFile; productRef = A0D60187258AD19000740487 /* Alamofire */; };
/* End PBXBuildFile section */

/* Begin PBXCopyFilesBuildPhase section */
		A0D60185258ACFF200740487 /* Embed Frameworks */ = {
			isa = PBXCopyFilesBuildPhase;
			buildActionMask = 2147483647;
			dstPath = "";
			dstSubfolderSpec = 10;
			files = (
			);
			name = "Embed Frameworks";
			runOnlyForDeploymentPostprocessing = 0;
		};
/* End PBXCopyFilesBuildPhase section */

/* Begin PBXFileReference section */
		A03223BB258E806100B4F862 /* getteams.graphql */ = {isa = PBXFileReference; lastKnownFileType = text; path = getteams.graphql; sourceTree = "<group>"; };
		A03223BE258E861500B4F862 /* API.swift */ = {isa = PBXFileReference; fileEncoding = 4; lastKnownFileType = sourcecode.swift; path = API.swift; sourceTree = "<group>"; };
		A03223C0258E862600B4F862 /* schema.json */ = {isa = PBXFileReference; fileEncoding = 4; lastKnownFileType = text.json; path = schema.json; sourceTree = "<group>"; };
		A03223C2258E8FFA00B4F862 /* GetTeamIssues.graphql */ = {isa = PBXFileReference; lastKnownFileType = text; path = GetTeamIssues.graphql; sourceTree = "<group>"; };
		A0C2787B258BDA450040C434 /* CsvUtility.swift */ = {isa = PBXFileReference; lastKnownFileType = sourcecode.swift; path = CsvUtility.swift; sourceTree = "<group>"; };
		A0CAD2E125928B71006AE000 /* SignInViewModel.swift */ = {isa = PBXFileReference; lastKnownFileType = sourcecode.swift; path = SignInViewModel.swift; sourceTree = "<group>"; };
		A0CAD2E52592C0A0006AE000 /* TeamsView.swift */ = {isa = PBXFileReference; lastKnownFileType = sourcecode.swift; path = TeamsView.swift; sourceTree = "<group>"; };
		A0CAD2E72592C0A9006AE000 /* Team.swift */ = {isa = PBXFileReference; lastKnownFileType = sourcecode.swift; path = Team.swift; sourceTree = "<group>"; };
		A0D6015F258AB78800740487 /* Import to Linear.app */ = {isa = PBXFileReference; explicitFileType = wrapper.application; includeInIndex = 0; path = "Import to Linear.app"; sourceTree = BUILT_PRODUCTS_DIR; };
		A0D60162258AB78800740487 /* Import_to_LinearApp.swift */ = {isa = PBXFileReference; lastKnownFileType = sourcecode.swift; path = Import_to_LinearApp.swift; sourceTree = "<group>"; };
		A0D60164258AB78800740487 /* ContentView.swift */ = {isa = PBXFileReference; lastKnownFileType = sourcecode.swift; path = ContentView.swift; sourceTree = "<group>"; };
		A0D60166258AB78A00740487 /* Assets.xcassets */ = {isa = PBXFileReference; lastKnownFileType = folder.assetcatalog; path = Assets.xcassets; sourceTree = "<group>"; };
		A0D60169258AB78A00740487 /* Preview Assets.xcassets */ = {isa = PBXFileReference; lastKnownFileType = folder.assetcatalog; path = "Preview Assets.xcassets"; sourceTree = "<group>"; };
		A0D6016B258AB78A00740487 /* Info.plist */ = {isa = PBXFileReference; lastKnownFileType = text.plist.xml; path = Info.plist; sourceTree = "<group>"; };
		A0D6016C258AB78A00740487 /* Import_to_Linear.entitlements */ = {isa = PBXFileReference; lastKnownFileType = text.plist.entitlements; path = Import_to_Linear.entitlements; sourceTree = "<group>"; };
/* End PBXFileReference section */

/* Begin PBXFrameworksBuildPhase section */
		A0D6015C258AB78800740487 /* Frameworks */ = {
			isa = PBXFrameworksBuildPhase;
			buildActionMask = 2147483647;
			files = (
				A03223B7258E6C5000B4F862 /* Apollo in Frameworks */,
				A03223B9258E6C5000B4F862 /* ApolloCodegenLib in Frameworks */,
				A0D60175258AC87800740487 /* CSV in Frameworks */,
				A03223B5258E6C5000B4F862 /* ApolloWebSocket in Frameworks */,
				A0D60188258AD19000740487 /* Alamofire in Frameworks */,
				A03223B3258E6C5000B4F862 /* ApolloCore in Frameworks */,
			);
			runOnlyForDeploymentPostprocessing = 0;
		};
/* End PBXFrameworksBuildPhase section */

/* Begin PBXGroup section */
		A0CAD2E32592BE76006AE000 /* visual */ = {
			isa = PBXGroup;
			children = (
				A0D60164258AB78800740487 /* ContentView.swift */,
				A0CAD2E52592C0A0006AE000 /* TeamsView.swift */,
				A0CAD2E72592C0A9006AE000 /* Team.swift */,
			);
			path = visual;
			sourceTree = "<group>";
		};
		A0CAD2E42592BEBA006AE000 /* utility */ = {
			isa = PBXGroup;
			children = (
				A0C2787B258BDA450040C434 /* CsvUtility.swift */,
			);
			path = utility;
			sourceTree = "<group>";
		};
		A0D60156258AB78800740487 = {
			isa = PBXGroup;
			children = (
				A0D60161258AB78800740487 /* Import to Linear */,
				A0D60160258AB78800740487 /* Products */,
			);
			sourceTree = "<group>";
		};
		A0D60160258AB78800740487 /* Products */ = {
			isa = PBXGroup;
			children = (
				A0D6015F258AB78800740487 /* Import to Linear.app */,
			);
			name = Products;
			sourceTree = "<group>";
		};
		A0D60161258AB78800740487 /* Import to Linear */ = {
			isa = PBXGroup;
			children = (
				A0CAD2E42592BEBA006AE000 /* utility */,
				A0CAD2E32592BE76006AE000 /* visual */,
				A0D60162258AB78800740487 /* Import_to_LinearApp.swift */,
				A03223C0258E862600B4F862 /* schema.json */,
				A03223BE258E861500B4F862 /* API.swift */,
				A0D60166258AB78A00740487 /* Assets.xcassets */,
				A0D6016B258AB78A00740487 /* Info.plist */,
				A0D6016C258AB78A00740487 /* Import_to_Linear.entitlements */,
				A0D60168258AB78A00740487 /* Preview Content */,
				A03223BB258E806100B4F862 /* getteams.graphql */,
				A03223C2258E8FFA00B4F862 /* GetTeamIssues.graphql */,
				A0CAD2E125928B71006AE000 /* SignInViewModel.swift */,
			);
			path = "Import to Linear";
			sourceTree = "<group>";
		};
		A0D60168258AB78A00740487 /* Preview Content */ = {
			isa = PBXGroup;
			children = (
				A0D60169258AB78A00740487 /* Preview Assets.xcassets */,
			);
			path = "Preview Content";
			sourceTree = "<group>";
		};
/* End PBXGroup section */

/* Begin PBXNativeTarget section */
		A0D6015E258AB78800740487 /* Import to Linear */ = {
			isa = PBXNativeTarget;
			buildConfigurationList = A0D6016F258AB78A00740487 /* Build configuration list for PBXNativeTarget "Import to Linear" */;
			buildPhases = (
				A03223BD258E81BC00B4F862 /* GraphQL Codegen */,
				A0D6015B258AB78800740487 /* Sources */,
				A0D6015C258AB78800740487 /* Frameworks */,
				A0D6015D258AB78800740487 /* Resources */,
				A0D60185258ACFF200740487 /* Embed Frameworks */,
			);
			buildRules = (
			);
			dependencies = (
			);
			name = "Import to Linear";
			packageProductDependencies = (
				A0D60174258AC87800740487 /* CSV */,
				A0D60187258AD19000740487 /* Alamofire */,
				A03223B2258E6C5000B4F862 /* ApolloCore */,
				A03223B4258E6C5000B4F862 /* ApolloWebSocket */,
				A03223B6258E6C5000B4F862 /* Apollo */,
				A03223B8258E6C5000B4F862 /* ApolloCodegenLib */,
			);
			productName = "Import to Linear";
			productReference = A0D6015F258AB78800740487 /* Import to Linear.app */;
			productType = "com.apple.product-type.application";
		};
/* End PBXNativeTarget section */

/* Begin PBXProject section */
		A0D60157258AB78800740487 /* Project object */ = {
			isa = PBXProject;
			attributes = {
				LastSwiftUpdateCheck = 1230;
				LastUpgradeCheck = 1230;
				TargetAttributes = {
					A0D6015E258AB78800740487 = {
						CreatedOnToolsVersion = 12.3;
					};
				};
			};
			buildConfigurationList = A0D6015A258AB78800740487 /* Build configuration list for PBXProject "Import to Linear" */;
			compatibilityVersion = "Xcode 9.3";
			developmentRegion = en;
			hasScannedForEncodings = 0;
			knownRegions = (
				en,
				Base,
			);
			mainGroup = A0D60156258AB78800740487;
			packageReferences = (
				A0D60173258AC87800740487 /* XCRemoteSwiftPackageReference "CSV.swift" */,
				A0D60186258AD19000740487 /* XCRemoteSwiftPackageReference "Alamofire" */,
				A03223B1258E6C5000B4F862 /* XCRemoteSwiftPackageReference "apollo-ios" */,
			);
			productRefGroup = A0D60160258AB78800740487 /* Products */;
			projectDirPath = "";
			projectRoot = "";
			targets = (
				A0D6015E258AB78800740487 /* Import to Linear */,
			);
		};
/* End PBXProject section */

/* Begin PBXResourcesBuildPhase section */
		A0D6015D258AB78800740487 /* Resources */ = {
			isa = PBXResourcesBuildPhase;
			buildActionMask = 2147483647;
			files = (
				A03223C1258E862600B4F862 /* schema.json in Resources */,
				A03223C3258E8FFA00B4F862 /* GetTeamIssues.graphql in Resources */,
				A03223BC258E806100B4F862 /* getteams.graphql in Resources */,
				A0D6016A258AB78A00740487 /* Preview Assets.xcassets in Resources */,
				A0D60167258AB78A00740487 /* Assets.xcassets in Resources */,
			);
			runOnlyForDeploymentPostprocessing = 0;
		};
/* End PBXResourcesBuildPhase section */

/* Begin PBXShellScriptBuildPhase section */
		A03223BD258E81BC00B4F862 /* GraphQL Codegen */ = {
			isa = PBXShellScriptBuildPhase;
			buildActionMask = 2147483647;
			files = (
			);
			inputFileListPaths = (
			);
			inputPaths = (
			);
			name = "GraphQL Codegen";
			outputFileListPaths = (
			);
			outputPaths = (
			);
			runOnlyForDeploymentPostprocessing = 0;
			shellPath = /bin/sh;
			shellScript = "cd \"${SRCROOT}\"/Codegen\nxcrun -sdk macosx swift run\n";
		};
/* End PBXShellScriptBuildPhase section */

/* Begin PBXSourcesBuildPhase section */
		A0D6015B258AB78800740487 /* Sources */ = {
			isa = PBXSourcesBuildPhase;
			buildActionMask = 2147483647;
			files = (
				A0CAD2E62592C0A0006AE000 /* TeamsView.swift in Sources */,
				A0C2787C258BDA450040C434 /* CsvUtility.swift in Sources */,
				A0CAD2E82592C0A9006AE000 /* Team.swift in Sources */,
				A0D60165258AB78800740487 /* ContentView.swift in Sources */,
				A03223BF258E861500B4F862 /* API.swift in Sources */,
				A0D60163258AB78800740487 /* Import_to_LinearApp.swift in Sources */,
				A0CAD2E225928B71006AE000 /* SignInViewModel.swift in Sources */,
			);
			runOnlyForDeploymentPostprocessing = 0;
		};
/* End PBXSourcesBuildPhase section */

/* Begin XCBuildConfiguration section */
		A0D6016D258AB78A00740487 /* Debug */ = {
			isa = XCBuildConfiguration;
			buildSettings = {
				ALWAYS_SEARCH_USER_PATHS = NO;
				CLANG_ANALYZER_NONNULL = YES;
				CLANG_ANALYZER_NUMBER_OBJECT_CONVERSION = YES_AGGRESSIVE;
				CLANG_CXX_LANGUAGE_STANDARD = "gnu++14";
				CLANG_CXX_LIBRARY = "libc++";
				CLANG_ENABLE_MODULES = YES;
				CLANG_ENABLE_OBJC_ARC = YES;
				CLANG_ENABLE_OBJC_WEAK = YES;
				CLANG_WARN_BLOCK_CAPTURE_AUTORELEASING = YES;
				CLANG_WARN_BOOL_CONVERSION = YES;
				CLANG_WARN_COMMA = YES;
				CLANG_WARN_CONSTANT_CONVERSION = YES;
				CLANG_WARN_DEPRECATED_OBJC_IMPLEMENTATIONS = YES;
				CLANG_WARN_DIRECT_OBJC_ISA_USAGE = YES_ERROR;
				CLANG_WARN_DOCUMENTATION_COMMENTS = YES;
				CLANG_WARN_EMPTY_BODY = YES;
				CLANG_WARN_ENUM_CONVERSION = YES;
				CLANG_WARN_INFINITE_RECURSION = YES;
				CLANG_WARN_INT_CONVERSION = YES;
				CLANG_WARN_NON_LITERAL_NULL_CONVERSION = YES;
				CLANG_WARN_OBJC_IMPLICIT_RETAIN_SELF = YES;
				CLANG_WARN_OBJC_LITERAL_CONVERSION = YES;
				CLANG_WARN_OBJC_ROOT_CLASS = YES_ERROR;
				CLANG_WARN_QUOTED_INCLUDE_IN_FRAMEWORK_HEADER = YES;
				CLANG_WARN_RANGE_LOOP_ANALYSIS = YES;
				CLANG_WARN_STRICT_PROTOTYPES = YES;
				CLANG_WARN_SUSPICIOUS_MOVE = YES;
				CLANG_WARN_UNGUARDED_AVAILABILITY = YES_AGGRESSIVE;
				CLANG_WARN_UNREACHABLE_CODE = YES;
				CLANG_WARN__DUPLICATE_METHOD_MATCH = YES;
				COPY_PHASE_STRIP = NO;
				DEBUG_INFORMATION_FORMAT = dwarf;
				ENABLE_STRICT_OBJC_MSGSEND = YES;
				ENABLE_TESTABILITY = YES;
				GCC_C_LANGUAGE_STANDARD = gnu11;
				GCC_DYNAMIC_NO_PIC = NO;
				GCC_NO_COMMON_BLOCKS = YES;
				GCC_OPTIMIZATION_LEVEL = 0;
				GCC_PREPROCESSOR_DEFINITIONS = (
					"DEBUG=1",
					"$(inherited)",
				);
				GCC_WARN_64_TO_32_BIT_CONVERSION = YES;
				GCC_WARN_ABOUT_RETURN_TYPE = YES_ERROR;
				GCC_WARN_UNDECLARED_SELECTOR = YES;
				GCC_WARN_UNINITIALIZED_AUTOS = YES_AGGRESSIVE;
				GCC_WARN_UNUSED_FUNCTION = YES;
				GCC_WARN_UNUSED_VARIABLE = YES;
				MACOSX_DEPLOYMENT_TARGET = 11.1;
				MTL_ENABLE_DEBUG_INFO = INCLUDE_SOURCE;
				MTL_FAST_MATH = YES;
				ONLY_ACTIVE_ARCH = YES;
				SDKROOT = macosx;
				SWIFT_ACTIVE_COMPILATION_CONDITIONS = DEBUG;
				SWIFT_OPTIMIZATION_LEVEL = "-Onone";
			};
			name = Debug;
		};
		A0D6016E258AB78A00740487 /* Release */ = {
			isa = XCBuildConfiguration;
			buildSettings = {
				ALWAYS_SEARCH_USER_PATHS = NO;
				CLANG_ANALYZER_NONNULL = YES;
				CLANG_ANALYZER_NUMBER_OBJECT_CONVERSION = YES_AGGRESSIVE;
				CLANG_CXX_LANGUAGE_STANDARD = "gnu++14";
				CLANG_CXX_LIBRARY = "libc++";
				CLANG_ENABLE_MODULES = YES;
				CLANG_ENABLE_OBJC_ARC = YES;
				CLANG_ENABLE_OBJC_WEAK = YES;
				CLANG_WARN_BLOCK_CAPTURE_AUTORELEASING = YES;
				CLANG_WARN_BOOL_CONVERSION = YES;
				CLANG_WARN_COMMA = YES;
				CLANG_WARN_CONSTANT_CONVERSION = YES;
				CLANG_WARN_DEPRECATED_OBJC_IMPLEMENTATIONS = YES;
				CLANG_WARN_DIRECT_OBJC_ISA_USAGE = YES_ERROR;
				CLANG_WARN_DOCUMENTATION_COMMENTS = YES;
				CLANG_WARN_EMPTY_BODY = YES;
				CLANG_WARN_ENUM_CONVERSION = YES;
				CLANG_WARN_INFINITE_RECURSION = YES;
				CLANG_WARN_INT_CONVERSION = YES;
				CLANG_WARN_NON_LITERAL_NULL_CONVERSION = YES;
				CLANG_WARN_OBJC_IMPLICIT_RETAIN_SELF = YES;
				CLANG_WARN_OBJC_LITERAL_CONVERSION = YES;
				CLANG_WARN_OBJC_ROOT_CLASS = YES_ERROR;
				CLANG_WARN_QUOTED_INCLUDE_IN_FRAMEWORK_HEADER = YES;
				CLANG_WARN_RANGE_LOOP_ANALYSIS = YES;
				CLANG_WARN_STRICT_PROTOTYPES = YES;
				CLANG_WARN_SUSPICIOUS_MOVE = YES;
				CLANG_WARN_UNGUARDED_AVAILABILITY = YES_AGGRESSIVE;
				CLANG_WARN_UNREACHABLE_CODE = YES;
				CLANG_WARN__DUPLICATE_METHOD_MATCH = YES;
				COPY_PHASE_STRIP = NO;
				DEBUG_INFORMATION_FORMAT = "dwarf-with-dsym";
				ENABLE_NS_ASSERTIONS = NO;
				ENABLE_STRICT_OBJC_MSGSEND = YES;
				GCC_C_LANGUAGE_STANDARD = gnu11;
				GCC_NO_COMMON_BLOCKS = YES;
				GCC_WARN_64_TO_32_BIT_CONVERSION = YES;
				GCC_WARN_ABOUT_RETURN_TYPE = YES_ERROR;
				GCC_WARN_UNDECLARED_SELECTOR = YES;
				GCC_WARN_UNINITIALIZED_AUTOS = YES_AGGRESSIVE;
				GCC_WARN_UNUSED_FUNCTION = YES;
				GCC_WARN_UNUSED_VARIABLE = YES;
				MACOSX_DEPLOYMENT_TARGET = 11.1;
				MTL_ENABLE_DEBUG_INFO = NO;
				MTL_FAST_MATH = YES;
				SDKROOT = macosx;
				SWIFT_COMPILATION_MODE = wholemodule;
				SWIFT_OPTIMIZATION_LEVEL = "-O";
			};
			name = Release;
		};
		A0D60170258AB78A00740487 /* Debug */ = {
			isa = XCBuildConfiguration;
			buildSettings = {
				ASSETCATALOG_COMPILER_APPICON_NAME = AppIcon;
				ASSETCATALOG_COMPILER_GLOBAL_ACCENT_COLOR_NAME = AccentColor;
				CODE_SIGN_ENTITLEMENTS = "Import to Linear/Import_to_Linear.entitlements";
				CODE_SIGN_STYLE = Automatic;
				COMBINE_HIDPI_IMAGES = YES;
				DEVELOPMENT_ASSET_PATHS = "\"Import to Linear/Preview Content\"";
				DEVELOPMENT_TEAM = 5V6SFZBP9M;
				ENABLE_HARDENED_RUNTIME = YES;
				ENABLE_PREVIEWS = YES;
				INFOPLIST_FILE = "Import to Linear/Info.plist";
				LD_RUNPATH_SEARCH_PATHS = (
					"$(inherited)",
					"@executable_path/../Frameworks",
				);
				MACOSX_DEPLOYMENT_TARGET = 11.0;
				PRODUCT_BUNDLE_IDENTIFIER = "com.luissaybe.import-to-linear.Import-to-Linear";
				PRODUCT_NAME = "$(TARGET_NAME)";
				SWIFT_VERSION = 5.0;
			};
			name = Debug;
		};
		A0D60171258AB78A00740487 /* Release */ = {
			isa = XCBuildConfiguration;
			buildSettings = {
				ASSETCATALOG_COMPILER_APPICON_NAME = AppIcon;
				ASSETCATALOG_COMPILER_GLOBAL_ACCENT_COLOR_NAME = AccentColor;
				CODE_SIGN_ENTITLEMENTS = "Import to Linear/Import_to_Linear.entitlements";
				CODE_SIGN_STYLE = Automatic;
				COMBINE_HIDPI_IMAGES = YES;
				DEVELOPMENT_ASSET_PATHS = "\"Import to Linear/Preview Content\"";
				DEVELOPMENT_TEAM = 5V6SFZBP9M;
				ENABLE_HARDENED_RUNTIME = YES;
				ENABLE_PREVIEWS = YES;
				INFOPLIST_FILE = "Import to Linear/Info.plist";
				LD_RUNPATH_SEARCH_PATHS = (
					"$(inherited)",
					"@executable_path/../Frameworks",
				);
				MACOSX_DEPLOYMENT_TARGET = 11.0;
				PRODUCT_BUNDLE_IDENTIFIER = "com.luissaybe.import-to-linear.Import-to-Linear";
				PRODUCT_NAME = "$(TARGET_NAME)";
				SWIFT_VERSION = 5.0;
			};
			name = Release;
		};
/* End XCBuildConfiguration section */

/* Begin XCConfigurationList section */
		A0D6015A258AB78800740487 /* Build configuration list for PBXProject "Import to Linear" */ = {
			isa = XCConfigurationList;
			buildConfigurations = (
				A0D6016D258AB78A00740487 /* Debug */,
				A0D6016E258AB78A00740487 /* Release */,
			);
			defaultConfigurationIsVisible = 0;
			defaultConfigurationName = Release;
		};
		A0D6016F258AB78A00740487 /* Build configuration list for PBXNativeTarget "Import to Linear" */ = {
			isa = XCConfigurationList;
			buildConfigurations = (
				A0D60170258AB78A00740487 /* Debug */,
				A0D60171258AB78A00740487 /* Release */,
			);
			defaultConfigurationIsVisible = 0;
			defaultConfigurationName = Release;
		};
/* End XCConfigurationList section */

/* Begin XCRemoteSwiftPackageReference section */
		A03223B1258E6C5000B4F862 /* XCRemoteSwiftPackageReference "apollo-ios" */ = {
			isa = XCRemoteSwiftPackageReference;
			repositoryURL = "https://github.com/apollographql/apollo-ios.git";
			requirement = {
				kind = upToNextMajorVersion;
				minimumVersion = 0.38.3;
			};
		};
		A0D60173258AC87800740487 /* XCRemoteSwiftPackageReference "CSV.swift" */ = {
			isa = XCRemoteSwiftPackageReference;
			repositoryURL = "https://github.com/yaslab/CSV.swift.git";
			requirement = {
				kind = upToNextMajorVersion;
				minimumVersion = 2.4.3;
			};
		};
		A0D60186258AD19000740487 /* XCRemoteSwiftPackageReference "Alamofire" */ = {
			isa = XCRemoteSwiftPackageReference;
			repositoryURL = "https://github.com/Alamofire/Alamofire.git";
			requirement = {
				kind = upToNextMajorVersion;
				minimumVersion = 5.4.0;
			};
		};
/* End XCRemoteSwiftPackageReference section */

/* Begin XCSwiftPackageProductDependency section */
		A03223B2258E6C5000B4F862 /* ApolloCore */ = {
			isa = XCSwiftPackageProductDependency;
			package = A03223B1258E6C5000B4F862 /* XCRemoteSwiftPackageReference "apollo-ios" */;
			productName = ApolloCore;
		};
		A03223B4258E6C5000B4F862 /* ApolloWebSocket */ = {
			isa = XCSwiftPackageProductDependency;
			package = A03223B1258E6C5000B4F862 /* XCRemoteSwiftPackageReference "apollo-ios" */;
			productName = ApolloWebSocket;
		};
		A03223B6258E6C5000B4F862 /* Apollo */ = {
			isa = XCSwiftPackageProductDependency;
			package = A03223B1258E6C5000B4F862 /* XCRemoteSwiftPackageReference "apollo-ios" */;
			productName = Apollo;
		};
		A03223B8258E6C5000B4F862 /* ApolloCodegenLib */ = {
			isa = XCSwiftPackageProductDependency;
			package = A03223B1258E6C5000B4F862 /* XCRemoteSwiftPackageReference "apollo-ios" */;
			productName = ApolloCodegenLib;
		};
		A0D60174258AC87800740487 /* CSV */ = {
			isa = XCSwiftPackageProductDependency;
			package = A0D60173258AC87800740487 /* XCRemoteSwiftPackageReference "CSV.swift" */;
			productName = CSV;
		};
		A0D60187258AD19000740487 /* Alamofire */ = {
			isa = XCSwiftPackageProductDependency;
			package = A0D60186258AD19000740487 /* XCRemoteSwiftPackageReference "Alamofire" */;
			productName = Alamofire;
		};
/* End XCSwiftPackageProductDependency section */
	};
	rootObject = A0D60157258AB78800740487 /* Project object */;
}
